
Microsoft Visual Studio Solution File, Format Version 12.00
# Visual Studio Version 17
VisualStudioVersion = 17.2.32526.322
MinimumVisualStudioVersion = 10.0.40219.1
Project("{FAE04EC0-301F-11D3-BF4B-00C04F79EFBC}") = "Streamish", "Streamish\Streamish.csproj", "{F838845F-59C2-4016-869D-A220825BE220}"
EndProject
Global
	GlobalSection(SolutionConfigurationPlatforms) = preSolution
		Debug|Any CPU = Debug|Any CPU
		Release|Any CPU = Release|Any CPU
	EndGlobalSection
	GlobalSection(ProjectConfigurationPlatforms) = postSolution
		{F838845F-59C2-4016-869D-A220825BE220}.Debug|Any CPU.ActiveCfg = Debug|Any CPU
		{F838845F-59C2-4016-869D-A220825BE220}.Debug|Any CPU.Build.0 = Debug|Any CPU
		{F838845F-59C2-4016-869D-A220825BE220}.Release|Any CPU.ActiveCfg = Release|Any CPU
		{F838845F-59C2-4016-869D-A220825BE220}.Release|Any CPU.Build.0 = Release|Any CPU
	EndGlobalSection
	GlobalSection(SolutionProperties) = preSolution
		HideSolutionNode = FALSE
	EndGlobalSection
	GlobalSection(ExtensibilityGlobals) = postSolution
		SolutionGuid = {560B7297-EC4A-4FB8-95FA-6D773A4D726C}
	EndGlobalSection
EndGlobal
